{
  "requires": true,
  "lockfileVersion": 1,
  "dependencies": {
    "icofont": {
      "version": "1.0.0",
      "resolved": "https://registry.npmjs.org/icofont/-/icofont-1.0.0.tgz",
      "integrity": "sha512-yNhEQMBFWq8qRHhljhMkbRfQ9rjKY1eVeNIlW46pNKGRY8BlRhG91/bgBOMFwW1+jHBrt33kvVwLmg9MLVBmqw=="
    }
  }
}
